// !$*UTF8*$!
{
	archiveVersion = 1;
	classes = {
	};
	objectVersion = 46;
	objects = {

/* Begin PBXBuildFile section */
		85E9D97A1BC6208A00DA7B1D /* main.m in Sources */ = {isa = PBXBuildFile; fileRef = 85E9D9791BC6208A00DA7B1D /* main.m */; };
		85E9D97D1BC6208A00DA7B1D /* AppDelegate.m in Sources */ = {isa = PBXBuildFile; fileRef = 85E9D97C1BC6208A00DA7B1D /* AppDelegate.m */; };
		85E9D9801BC6208A00DA7B1D /* _2_NewText.xcdatamodeld in Sources */ = {isa = PBXBuildFile; fileRef = 85E9D97E1BC6208A00DA7B1D /* _2_NewText.xcdatamodeld */; };
		85E9D9831BC6208A00DA7B1D /* ViewController.m in Sources */ = {isa = PBXBuildFile; fileRef = 85E9D9821BC6208A00DA7B1D /* ViewController.m */; };
		85E9D9861BC6208A00DA7B1D /* Main.storyboard in Resources */ = {isa = PBXBuildFile; fileRef = 85E9D9841BC6208A00DA7B1D /* Main.storyboard */; };
		85E9D9881BC6208A00DA7B1D /* Images.xcassets in Resources */ = {isa = PBXBuildFile; fileRef = 85E9D9871BC6208A00DA7B1D /* Images.xcassets */; };
		85E9D98B1BC6208A00DA7B1D /* LaunchScreen.xib in Resources */ = {isa = PBXBuildFile; fileRef = 85E9D9891BC6208A00DA7B1D /* LaunchScreen.xib */; };
		85E9D9971BC6208A00DA7B1D /* _2_NewTextTests.m in Sources */ = {isa = PBXBuildFile; fileRef = 85E9D9961BC6208A00DA7B1D /* _2_NewTextTests.m */; };
/* End PBXBuildFile section */

/* Begin PBXContainerItemProxy section */
		85E9D9911BC6208A00DA7B1D /* PBXContainerItemProxy */ = {
			isa = PBXContainerItemProxy;
			containerPortal = 85E9D96C1BC6208900DA7B1D /* Project object */;
			proxyType = 1;
			remoteGlobalIDString = 85E9D9731BC6208900DA7B1D;
			remoteInfo = "02-NewText";
		};
/* End PBXContainerItemProxy section */

/* Begin PBXFileReference section */
		85E9D9741BC6208900DA7B1D /* 02-NewText.app */ = {isa = PBXFileReference; explicitFileType = wrapper.application; includeInIndex = 0; path = "02-NewText.app"; sourceTree = BUILT_PRODUCTS_DIR; };
		85E9D9781BC6208A00DA7B1D /* Info.plist */ = {isa = PBXFileReference; lastKnownFileType = text.plist.xml; path = Info.plist; sourceTree = "<group>"; };
		85E9D9791BC6208A00DA7B1D /* main.m */ = {isa = PBXFileReference; lastKnownFileType = sourcecode.c.objc; path = main.m; sourceTree = "<group>"; };
		85E9D97B1BC6208A00DA7B1D /* AppDelegate.h */ = {isa = PBXFileReference; lastKnownFileType = sourcecode.c.h; path = AppDelegate.h; sourceTree = "<group>"; };
		85E9D97C1BC6208A00DA7B1D /* AppDelegate.m */ = {isa = PBXFileReference; lastKnownFileType = sourcecode.c.objc; path = AppDelegate.m; sourceTree = "<group>"; };
		85E9D97F1BC6208A00DA7B1D /* _2_NewText.xcdatamodel */ = {isa = PBXFileReference; lastKnownFileType = wrapper.xcdatamodel; path = _2_NewText.xcdatamodel; sourceTree = "<group>"; };
		85E9D9811BC6208A00DA7B1D /* ViewController.h */ = {isa = PBXFileReference; lastKnownFileType = sourcecode.c.h; path = ViewController.h; sourceTree = "<group>"; };
		85E9D9821BC6208A00DA7B1D /* ViewController.m */ = {isa = PBXFileReference; lastKnownFileType = sourcecode.c.objc; path = ViewController.m; sourceTree = "<group>"; };
		85E9D9851BC6208A00DA7B1D /* Base */ = {isa = PBXFileReference; lastKnownFileType = file.storyboard; name = Base; path = Base.lproj/Main.storyboard; sourceTree = "<group>"; };
		85E9D9871BC6208A00DA7B1D /* Images.xcassets */ = {isa = PBXFileReference; lastKnownFileType = folder.assetcatalog; path = Images.xcassets; sourceTree = "<group>"; };
		85E9D98A1BC6208A00DA7B1D /* Base */ = {isa = PBXFileReference; lastKnownFileType = file.xib; name = Base; path = Base.lproj/LaunchScreen.xib; sourceTree = "<group>"; };
		85E9D9901BC6208A00DA7B1D /* 02-NewTextTests.xctest */ = {isa = PBXFileReference; explicitFileType = wrapper.cfbundle; includeInIndex = 0; path = "02-NewTextTests.xctest"; sourceTree = BUILT_PRODUCTS_DIR; };
		85E9D9951BC6208A00DA7B1D /* Info.plist */ = {isa = PBXFileReference; lastKnownFileType = text.plist.xml; path = Info.plist; sourceTree = "<group>"; };
		85E9D9961BC6208A00DA7B1D /* _2_NewTextTests.m */ = {isa = PBXFileReference; lastKnownFileType = sourcecode.c.objc; path = _2_NewTextTests.m; sourceTree = "<group>"; };
/* End PBXFileReference section */

/* Begin PBXFrameworksBuildPhase section */
		85E9D9711BC6208900DA7B1D /* Frameworks */ = {
			isa = PBXFrameworksBuildPhase;
			buildActionMask = 2147483647;
			files = (
			);
			runOnlyForDeploymentPostprocessing = 0;
		};
		85E9D98D1BC6208A00DA7B1D /* Frameworks */ = {
			isa = PBXFrameworksBuildPhase;
			buildActionMask = 2147483647;
			files = (
			);
			runOnlyForDeploymentPostprocessing = 0;
		};
/* End PBXFrameworksBuildPhase section */

/* Begin PBXGroup section */
		85E9D96B1BC6208900DA7B1D = {
			isa = PBXGroup;
			children = (
				85E9D9761BC6208900DA7B1D /* 02-NewText */,
				85E9D9931BC6208A00DA7B1D /* 02-NewTextTests */,
				85E9D9751BC6208900DA7B1D /* Products */,
			);
			sourceTree = "<group>";
		};
		85E9D9751BC6208900DA7B1D /* Products */ = {
			isa = PBXGroup;
			children = (
				85E9D9741BC6208900DA7B1D /* 02-NewText.app */,
				85E9D9901BC6208A00DA7B1D /* 02-NewTextTests.xctest */,
			);
			name = Products;
			sourceTree = "<group>";
		};
		85E9D9761BC6208900DA7B1D /* 02-NewText */ = {
			isa = PBXGroup;
			children = (
				85E9D97B1BC6208A00DA7B1D /* AppDelegate.h */,
				85E9D97C1BC6208A00DA7B1D /* AppDelegate.m */,
				85E9D9811BC6208A00DA7B1D /* ViewController.h */,
				85E9D9821BC6208A00DA7B1D /* ViewController.m */,
				85E9D9841BC6208A00DA7B1D /* Main.storyboard */,
				85E9D9871BC6208A00DA7B1D /* Images.xcassets */,
				85E9D9891BC6208A00DA7B1D /* LaunchScreen.xib */,
				85E9D97E1BC6208A00DA7B1D /* _2_NewText.xcdatamodeld */,
				85E9D9771BC6208A00DA7B1D /* Supporting Files */,
			);
			path = "02-NewText";
			sourceTree = "<group>";
		};
		85E9D9771BC6208A00DA7B1D /* Supporting Files */ = {
			isa = PBXGroup;
			children = (
				85E9D9781BC6208A00DA7B1D /* Info.plist */,
				85E9D9791BC6208A00DA7B1D /* main.m */,
			);
			name = "Supporting Files";
			sourceTree = "<group>";
		};
		85E9D9931BC6208A00DA7B1D /* 02-NewTextTests */ = {
			isa = PBXGroup;
			children = (
				85E9D9961BC6208A00DA7B1D /* _2_NewTextTests.m */,
				85E9D9941BC6208A00DA7B1D /* Supporting Files */,
			);
			path = "02-NewTextTests";
			sourceTree = "<group>";
		};
		85E9D9941BC6208A00DA7B1D /* Supporting Files */ = {
			isa = PBXGroup;
			children = (
				85E9D9951BC6208A00DA7B1D /* Info.plist */,
			);
			name = "Supporting Files";
			sourceTree = "<group>";
		};
/* End PBXGroup section */

/* Begin PBXNativeTarget section */
		85E9D9731BC6208900DA7B1D /* 02-NewText */ = {
			isa = PBXNativeTarget;
			buildConfigurationList = 85E9D99A1BC6208A00DA7B1D /* Build configuration list for PBXNativeTarget "02-NewText" */;
			buildPhases = (
				85E9D9701BC6208900DA7B1D /* Sources */,
				85E9D9711BC6208900DA7B1D /* Frameworks */,
				85E9D9721BC6208900DA7B1D /* Resources */,
			);
			buildRules = (
			);
			dependencies = (
			);
			name = "02-NewText";
			productName = "02-NewText";
			productReference = 85E9D9741BC6208900DA7B1D /* 02-NewText.app */;
			productType = "com.apple.product-type.application";
		};
		85E9D98F1BC6208A00DA7B1D /* 02-NewTextTests */ = {
			isa = PBXNativeTarget;
			buildConfigurationList = 85E9D99D1BC6208A00DA7B1D /* Build configuration list for PBXNativeTarget "02-NewTextTests" */;
			buildPhases = (
				85E9D98C1BC6208A00DA7B1D /* Sources */,
				85E9D98D1BC6208A00DA7B1D /* Frameworks */,
				85E9D98E1BC6208A00DA7B1D /* Resources */,
			);
			buildRules = (
			);
			dependencies = (
				85E9D9921BC6208A00DA7B1D /* PBXTargetDependency */,
			);
			name = "02-NewTextTests";
			productName = "02-NewTextTests";
			productReference = 85E9D9901BC6208A00DA7B1D /* 02-NewTextTests.xctest */;
			productType = "com.apple.product-type.bundle.unit-test";
		};
/* End PBXNativeTarget section */

/* Begin PBXProject section */
		85E9D96C1BC6208900DA7B1D /* Project object */ = {
			isa = PBXProject;
			attributes = {
				LastUpgradeCheck = 0630;
				ORGANIZATIONNAME = tarena;
				TargetAttributes = {
					85E9D9731BC6208900DA7B1D = {
						CreatedOnToolsVersion = 6.3;
					};
					85E9D98F1BC6208A00DA7B1D = {
						CreatedOnToolsVersion = 6.3;
						TestTargetID = 85E9D9731BC6208900DA7B1D;
					};
				};
			};
			buildConfigurationList = 85E9D96F1BC6208900DA7B1D /* Build configuration list for PBXProject "02-NewText" */;
			compatibilityVersion = "Xcode 3.2";
			developmentRegion = English;
			hasScannedForEncodings = 0;
			knownRegions = (
				en,
				Base,
			);
			mainGroup = 85E9D96B1BC6208900DA7B1D;
			productRefGroup = 85E9D9751BC6208900DA7B1D /* Products */;
			projectDirPath = "";
			projectRoot = "";
			targets = (
				85E9D9731BC6208900DA7B1D /* 02-NewText */,
				85E9D98F1BC6208A00DA7B1D /* 02-NewTextTests */,
			);
		};
/* End PBXProject section */

/* Begin PBXResourcesBuildPhase section */
		85E9D9721BC6208900DA7B1D /* Resources */ = {
			isa = PBXResourcesBuildPhase;
			buildActionMask = 2147483647;
			files = (
				85E9D9861BC6208A00DA7B1D /* Main.storyboard in Resources */,
				85E9D98B1BC6208A00DA7B1D /* LaunchScreen.xib in Resources */,
				85E9D9881BC6208A00DA7B1D /* Images.xcassets in Resources */,
			);
			runOnlyForDeploymentPostprocessing = 0;
		};
		85E9D98E1BC6208A00DA7B1D /* Resources */ = {
			isa = PBXResourcesBuildPhase;
			buildActionMask = 2147483647;
			files = (
			);
			runOnlyForDeploymentPostprocessing = 0;
		};
/* End PBXResourcesBuildPhase section */

/* Begin PBXSourcesBuildPhase section */
		85E9D9701BC6208900DA7B1D /* Sources */ = {
			isa = PBXSourcesBuildPhase;
			buildActionMask = 2147483647;
			files = (
				85E9D97D1BC6208A00DA7B1D /* AppDelegate.m in Sources */,
				85E9D97A1BC6208A00DA7B1D /* main.m in Sources */,
				85E9D9831BC6208A00DA7B1D /* ViewController.m in Sources */,
				85E9D9801BC6208A00DA7B1D /* _2_NewText.xcdatamodeld in Sources */,
			);
			runOnlyForDeploymentPostprocessing = 0;
		};
		85E9D98C1BC6208A00DA7B1D /* Sources */ = {
			isa = PBXSourcesBuildPhase;
			buildActionMask = 2147483647;
			files = (
				85E9D9971BC6208A00DA7B1D /* _2_NewTextTests.m in Sources */,
			);
			runOnlyForDeploymentPostprocessing = 0;
		};
/* End PBXSourcesBuildPhase section */

/* Begin PBXTargetDependency section */
		85E9D9921BC6208A00DA7B1D /* PBXTargetDependency */ = {
			isa = PBXTargetDependency;
			target = 85E9D9731BC6208900DA7B1D /* 02-NewText */;
			targetProxy = 85E9D9911BC6208A00DA7B1D /* PBXContainerItemProxy */;
		};
/* End PBXTargetDependency section */

/* Begin PBXVariantGroup section */
		85E9D9841BC6208A00DA7B1D /* Main.storyboard */ = {
			isa = PBXVariantGroup;
			children = (
				85E9D9851BC6208A00DA7B1D /* Base */,
			);
			name = Main.storyboard;
			sourceTree = "<group>";
		};
		85E9D9891BC6208A00DA7B1D /* LaunchScreen.xib */ = {
			isa = PBXVariantGroup;
			children = (
				85E9D98A1BC6208A00DA7B1D /* Base */,
			);
			name = LaunchScreen.xib;
			sourceTree = "<group>";
		};
/* End PBXVariantGroup section */

/* Begin XCBuildConfiguration section */
		85E9D9981BC6208A00DA7B1D /* Debug */ = {
			isa = XCBuildConfiguration;
			buildSettings = {
				ALWAYS_SEARCH_USER_PATHS = NO;
				CLANG_CXX_LANGUAGE_STANDARD = "gnu++0x";
				CLANG_CXX_LIBRARY = "libc++";
				CLANG_ENABLE_MODULES = YES;
				CLANG_ENABLE_OBJC_ARC = YES;
				CLANG_WARN_BOOL_CONVERSION = YES;
				CLANG_WARN_CONSTANT_CONVERSION = YES;
				CLANG_WARN_DIRECT_OBJC_ISA_USAGE = YES_ERROR;
				CLANG_WARN_EMPTY_BODY = YES;
				CLANG_WARN_ENUM_CONVERSION = YES;
				CLANG_WARN_INT_CONVERSION = YES;
				CLANG_WARN_OBJC_ROOT_CLASS = YES_ERROR;
				CLANG_WARN_UNREACHABLE_CODE = YES;
				CLANG_WARN__DUPLICATE_METHOD_MATCH = YES;
				"CODE_SIGN_IDENTITY[sdk=iphoneos*]" = "iPhone Developer";
				COPY_PHASE_STRIP = NO;
				DEBUG_INFORMATION_FORMAT = "dwarf-with-dsym";
				ENABLE_STRICT_OBJC_MSGSEND = YES;
				GCC_C_LANGUAGE_STANDARD = gnu99;
				GCC_DYNAMIC_NO_PIC = NO;
				GCC_NO_COMMON_BLOCKS = YES;
				GCC_OPTIMIZATION_LEVEL = 0;
				GCC_PREPROCESSOR_DEFINITIONS = (
					"DEBUG=1",
					"$(inherited)",
				);
				GCC_SYMBOLS_PRIVATE_EXTERN = NO;
				GCC_WARN_64_TO_32_BIT_CONVERSION = YES;
				GCC_WARN_ABOUT_RETURN_TYPE = YES_ERROR;
				GCC_WARN_UNDECLARED_SELECTOR = YES;
				GCC_WARN_UNINITIALIZED_AUTOS = YES_AGGRESSIVE;
				GCC_WARN_UNUSED_FUNCTION = YES;
				GCC_WARN_UNUSED_VARIABLE = YES;
				IPHONEOS_DEPLOYMENT_TARGET = 8.3;
				MTL_ENABLE_DEBUG_INFO = YES;
				ONLY_ACTIVE_ARCH = YES;
				SDKROOT = iphoneos;
			};
			name = Debug;
		};
		85E9D9991BC6208A00DA7B1D /* Release */ = {
			isa = XCBuildConfiguration;
			buildSettings = {
				ALWAYS_SEARCH_USER_PATHS = NO;
				CLANG_CXX_LANGUAGE_STANDARD = "gnu++0x";
				CLANG_CXX_LIBRARY = "libc++";
				CLANG_ENABLE_MODULES = YES;
				CLANG_ENABLE_OBJC_ARC = YES;
				CLANG_WARN_BOOL_CONVERSION = YES;
				CLANG_WARN_CONSTANT_CONVERSION = YES;
				CLANG_WARN_DIRECT_OBJC_ISA_USAGE = YES_ERROR;
				CLANG_WARN_EMPTY_BODY = YES;
				CLANG_WARN_ENUM_CONVERSION = YES;
				CLANG_WARN_INT_CONVERSION = YES;
				CLANG_WARN_OBJC_ROOT_CLASS = YES_ERROR;
				CLANG_WARN_UNREACHABLE_CODE = YES;
				CLANG_WARN__DUPLICATE_METHOD_MATCH = YES;
				"CODE_SIGN_IDENTITY[sdk=iphoneos*]" = "iPhone Developer";
				COPY_PHASE_STRIP = NO;
				DEBUG_INFORMATION_FORMAT = "dwarf-with-dsym";
				ENABLE_NS_ASSERTIONS = NO;
				ENABLE_STRICT_OBJC_MSGSEND = YES;
				GCC_C_LANGUAGE_STANDARD = gnu99;
				GCC_NO_COMMON_BLOCKS = YES;
				GCC_WARN_64_TO_32_BIT_CONVERSION = YES;
				GCC_WARN_ABOUT_RETURN_TYPE = YES_ERROR;
				GCC_WARN_UNDECLARED_SELECTOR = YES;
				GCC_WARN_UNINITIALIZED_AUTOS = YES_AGGRESSIVE;
				GCC_WARN_UNUSED_FUNCTION = YES;
				GCC_WARN_UNUSED_VARIABLE = YES;
				IPHONEOS_DEPLOYMENT_TARGET = 8.3;
				MTL_ENABLE_DEBUG_INFO = NO;
				SDKROOT = iphoneos;
				VALIDATE_PRODUCT = YES;
			};
			name = Release;
		};
		85E9D99B1BC6208A00DA7B1D /* Debug */ = {
			isa = XCBuildConfiguration;
			buildSettings = {
				ASSETCATALOG_COMPILER_APPICON_NAME = AppIcon;
				INFOPLIST_FILE = "02-NewText/Info.plist";
				LD_RUNPATH_SEARCH_PATHS = "$(inherited) @executable_path/Frameworks";
				PRODUCT_NAME = "$(TARGET_NAME)";
			};
			name = Debug;
		};
		85E9D99C1BC6208A00DA7B1D /* Release */ = {
			isa = XCBuildConfiguration;
			buildSettings = {
				ASSETCATALOG_COMPILER_APPICON_NAME = AppIcon;
				INFOPLIST_FILE = "02-NewText/Info.plist";
				LD_RUNPATH_SEARCH_PATHS = "$(inherited) @executable_path/Frameworks";
				PRODUCT_NAME = "$(TARGET_NAME)";
			};
			name = Release;
		};
		85E9D99E1BC6208A00DA7B1D /* Debug */ = {
			isa = XCBuildConfiguration;
			buildSettings = {
				BUNDLE_LOADER = "$(TEST_HOST)";
				FRAMEWORK_SEARCH_PATHS = (
					"$(SDKROOT)/Developer/Library/Frameworks",
					"$(inherited)",
				);
				GCC_PREPROCESSOR_DEFINITIONS = (
					"DEBUG=1",
					"$(inherited)",
				);
				INFOPLIST_FILE = "02-NewTextTests/Info.plist";
				LD_RUNPATH_SEARCH_PATHS = "$(inherited) @executable_path/Frameworks @loader_path/Frameworks";
				PRODUCT_NAME = "$(TARGET_NAME)";
				TEST_HOST = "$(BUILT_PRODUCTS_DIR)/02-NewText.app/02-NewText";
			};
			name = Debug;
		};
		85E9D99F1BC6208A00DA7B1D /* Release */ = {
			isa = XCBuildConfiguration;
			buildSettings = {
				BUNDLE_LOADER = "$(TEST_HOST)";
				FRAMEWORK_SEARCH_PATHS = (
					"$(SDKROOT)/Developer/Library/Frameworks",
					"$(inherited)",
				);
				INFOPLIST_FILE = "02-NewTextTests/Info.plist";
				LD_RUNPATH_SEARCH_PATHS = "$(inherited) @executable_path/Frameworks @loader_path/Frameworks";
				PRODUCT_NAME = "$(TARGET_NAME)";
				TEST_HOST = "$(BUILT_PRODUCTS_DIR)/02-NewText.app/02-NewText";
			};
			name = Release;
		};
/* End XCBuildConfiguration section */

/* Begin XCConfigurationList section */
		85E9D96F1BC6208900DA7B1D /* Build configuration list for PBXProject "02-NewText" */ = {
			isa = XCConfigurationList;
			buildConfigurations = (
				85E9D9981BC6208A00DA7B1D /* Debug */,
				85E9D9991BC6208A00DA7B1D /* Release */,
			);
			defaultConfigurationIsVisible = 0;
			defaultConfigurationName = Release;
		};
		85E9D99A1BC6208A00DA7B1D /* Build configuration list for PBXNativeTarget "02-NewText" */ = {
			isa = XCConfigurationList;
			buildConfigurations = (
				85E9D99B1BC6208A00DA7B1D /* Debug */,
				85E9D99C1BC6208A00DA7B1D /* Release */,
			);
			defaultConfigurationIsVisible = 0;
		};
		85E9D99D1BC6208A00DA7B1D /* Build configuration list for PBXNativeTarget "02-NewTextTests" */ = {
			isa = XCConfigurationList;
			buildConfigurations = (
				85E9D99E1BC6208A00DA7B1D /* Debug */,
				85E9D99F1BC6208A00DA7B1D /* Release */,
			);
			defaultConfigurationIsVisible = 0;
		};
/* End XCConfigurationList section */

/* Begin XCVersionGroup section */
		85E9D97E1BC6208A00DA7B1D /* _2_NewText.xcdatamodeld */ = {
			isa = XCVersionGroup;
			children = (
				85E9D97F1BC6208A00DA7B1D /* _2_NewText.xcdatamodel */,
			);
			currentVersion = 85E9D97F1BC6208A00DA7B1D /* _2_NewText.xcdatamodel */;
			path = _2_NewText.xcdatamodeld;
			sourceTree = "<group>";
			versionGroupType = wrapper.xcdatamodel;
		};
/* End XCVersionGroup section */
	};
	rootObject = 85E9D96C1BC6208900DA7B1D /* Project object */;
}
